{
    "_readme": [
        "This file locks the dependencies of your project to a known state",
        "Read more about it at http://getcomposer.org/doc/01-basic-usage.md#composer-lock-the-lock-file",
        "This file is @generated automatically"
    ],
    "hash": "5598b88d70635da6846502fbbd1d0349",
    "packages": [
        {
            "name": "rlanvin/php-form",
            "version": "dev-master",
            "source": {
                "type": "git",
                "url": "https://github.com/rlanvin/php-form.git",
                "reference": "56bfbd118f8b45c5c6528df42414b85bc1467f27"
            },
            "dist": {
                "type": "zip",
                "url": "https://api.github.com/repos/rlanvin/php-form/zipball/56bfbd118f8b45c5c6528df42414b85bc1467f27",
                "reference": "56bfbd118f8b45c5c6528df42414b85bc1467f27",
                "shasum": ""
            },
            "require": {
                "ext-mbstring": "*",
                "php": ">=5.3.0"
            },
            "type": "library",
            "autoload": {
                "classmap": [
                    "src/"
                ]
            },
            "notification-url": "https://packagist.org/downloads/",
            "license": [
                "MIT"
            ],
            "description": "Lightweight form validation library for PHP",
            "homepage": "https://github.com/rlanvin/php-form",
            "keywords": [
                "form",
                "validation"
            ],
            "time": "2014-06-09 07:03:31"
        }
    ],
    "packages-dev": [

    ],
    "aliases": [

    ],
    "minimum-stability": "stable",
    "stability-flags": {
        "rlanvin/php-form": 20
    },
    "prefer-stable": false,
    "platform": [

    ],
    "platform-dev": [

    ]
}
