{
    "_readme": [
        "This file locks the dependencies of your project to a known state",
        "Read more about it at https://getcomposer.org/doc/01-basic-usage.md#composer-lock-the-lock-file",
        "This file is @generated automatically"
    ],
    "hash": "542c66babfa9d1928bf80b61f9838da4",
    "content-hash": "fadab0a98c6e6b2d4771df77a61dd7cc",
    "packages": [
        {
            "name": "rlanvin/php-form",
            "version": "dev-master",
            "source": {
                "type": "git",
                "url": "https://github.com/rlanvin/php-form.git",
                "reference": "56bfbd118f8b45c5c6528df42414b85bc1467f27"
            },
            "dist": {
                "type": "zip",
                "url": "https://api.github.com/repos/rlanvin/php-form/zipball/56bfbd118f8b45c5c6528df42414b85bc1467f27",
                "reference": "56bfbd118f8b45c5c6528df42414b85bc1467f27",
                "shasum": ""
            },
            "require": {
                "ext-mbstring": "*",
                "php": ">=5.3.0"
            },
            "type": "library",
            "autoload": {
                "classmap": [
                    "src/"
                ]
            },
            "notification-url": "https://packagist.org/downloads/",
            "license": [
                "MIT"
            ],
            "description": "Lightweight form validation library for PHP",
            "homepage": "https://github.com/rlanvin/php-form",
            "keywords": [
                "form",
                "validation"
            ],
            "time": "2014-06-09 07:03:31"
        },
        {
            "name": "zordius/lightncandy",
            "version": "dev-master",
            "source": {
                "type": "git",
                "url": "https://github.com/zordius/lightncandy.git",
                "reference": "81ee3eb8e6c26295ae808e6895dc5e5747633628"
            },
            "dist": {
                "type": "zip",
                "url": "https://api.github.com/repos/zordius/lightncandy/zipball/81ee3eb8e6c26295ae808e6895dc5e5747633628",
                "reference": "81ee3eb8e6c26295ae808e6895dc5e5747633628",
                "shasum": ""
            },
            "require": {
                "php": ">=5.4.0"
            },
            "require-dev": {
                "phpunit/phpunit": "4.0.17"
            },
            "type": "library",
            "autoload": {
                "psr-4": {
                    "LightnCandy\\": "src"
                }
            },
            "notification-url": "https://packagist.org/downloads/",
            "license": [
                "MIT"
            ],
            "authors": [
                {
                    "name": "Zordius Chen",
                    "email": "zordius@yahoo-inc.com"
                }
            ],
            "description": "An extremely fast PHP implementation of handlebars ( http://handlebarsjs.com/ ) and mustache ( http://mustache.github.io/ ).",
            "homepage": "https://github.com/zordius/lightncandy",
            "keywords": [
                "handlebars",
                "logicless",
                "mustache",
                "php",
                "template"
            ],
            "time": "2016-07-18 06:51:41"
        }
    ],
    "packages-dev": [],
    "aliases": [],
    "minimum-stability": "stable",
    "stability-flags": {
        "rlanvin/php-form": 20,
        "zordius/lightncandy": 20
    },
    "prefer-stable": false,
    "prefer-lowest": false,
    "platform": [],
    "platform-dev": []
}
