{
    "_readme": [
        "This file locks the dependencies of your project to a known state",
        "Read more about it at https://getcomposer.org/doc/01-basic-usage.md#installing-dependencies",
        "This file is @generated automatically"
    ],
    "content-hash": "04a7cdffbd704235041bc885bfbd4b59",
    "packages": [
        {
            "name": "a5hleyrich/wp-background-processing",
            "version": "1.0",
            "source": {
                "type": "git",
                "url": "https://github.com/A5hleyRich/wp-background-processing.git",
                "reference": "15a8a79130a15366d9d550d078f14232ed83d3ba"
            },
            "dist": {
                "type": "zip",
                "url": "https://api.github.com/repos/A5hleyRich/wp-background-processing/zipball/15a8a79130a15366d9d550d078f14232ed83d3ba",
                "reference": "15a8a79130a15366d9d550d078f14232ed83d3ba",
                "shasum": ""
            },
            "require": {
                "php": ">=5.2"
            },
            "type": "library",
            "autoload": {
                "classmap": [
                    "classes/"
                ]
            },
            "notification-url": "https://packagist.org/downloads/",
            "license": [
                "GPLv2+"
            ],
            "authors": [
                {
                    "name": "Ashley Rich",
                    "email": "hello@ashleyrich.com"
                }
            ],
            "description": "WP Background Processing can be used to fire off non-blocking asynchronous requests or as a background processing tool, allowing you to queue tasks.",
            "time": "2016-08-07T10:26:07+00:00"
        },
        {
            "name": "cloudinary/cloudinary_php",
            "version": "1.20.1",
            "source": {
                "type": "git",
                "url": "https://github.com/cloudinary/cloudinary_php.git",
                "reference": "94516fe6d0a43645e964b38d78d5f4555dbd192d"
            },
            "dist": {
                "type": "zip",
                "url": "https://api.github.com/repos/cloudinary/cloudinary_php/zipball/94516fe6d0a43645e964b38d78d5f4555dbd192d",
                "reference": "94516fe6d0a43645e964b38d78d5f4555dbd192d",
                "shasum": ""
            },
            "require": {
                "ext-curl": "*",
                "ext-json": "*",
                "php": ">=5.4.0"
            },
            "require-dev": {
                "ext-zip": "*",
                "phpunit/phpunit": "4.8.*"
            },
            "type": "library",
            "autoload": {
                "files": [
                    "src/Helpers.php"
                ],
                "classmap": [
                    "src"
                ]
            },
            "notification-url": "https://packagist.org/downloads/",
            "license": [
                "MIT"
            ],
            "authors": [
                {
                    "name": "Cloudinary",
                    "homepage": "https://github.com/cloudinary/cloudinary_php/graphs/contributors"
                }
            ],
            "description": "Cloudinary PHP SDK",
            "homepage": "https://github.com/cloudinary/cloudinary_php",
            "keywords": [
                "cdn",
                "cloud",
                "cloudinary",
                "image management",
                "sdk"
            ],
            "support": {
                "email": "info@cloudinary.com",
                "issues": "https://github.com/cloudinary/cloudinary_php/issues",
                "source": "https://github.com/cloudinary/cloudinary_php/tree/1.20.1"
            },
            "time": "2022-02-01T08:35:49+00:00"
        },
        {
            "name": "rlanvin/php-form",
            "version": "dev-master",
            "source": {
                "type": "git",
                "url": "https://github.com/rlanvin/php-form.git",
                "reference": "be55eed45e21cb0e9b72d0e31586511a8888f151"
            },
            "dist": {
                "type": "zip",
                "url": "https://api.github.com/repos/rlanvin/php-form/zipball/be55eed45e21cb0e9b72d0e31586511a8888f151",
                "reference": "be55eed45e21cb0e9b72d0e31586511a8888f151",
                "shasum": ""
            },
            "require": {
                "ext-mbstring": "*",
                "php": ">=5.4.0"
            },
            "suggest": {
                "ext-intl": "Intl extension is useful for validating formatted numbers"
            },
            "type": "library",
            "autoload": {
                "psr-4": {
                    "Form\\": "src/"
                }
            },
            "notification-url": "https://packagist.org/downloads/",
            "license": [
                "MIT"
            ],
            "description": "Lightweight form validation library for PHP",
            "homepage": "https://github.com/rlanvin/php-form",
            "keywords": [
                "form",
                "validation"
            ],
            "time": "2016-04-12T10:22:02+00:00"
        },
        {
            "name": "zordius/lightncandy",
            "version": "dev-master",
            "source": {
                "type": "git",
                "url": "https://github.com/zordius/lightncandy.git",
                "reference": "81ee3eb8e6c26295ae808e6895dc5e5747633628"
            },
            "dist": {
                "type": "zip",
                "url": "https://api.github.com/repos/zordius/lightncandy/zipball/81ee3eb8e6c26295ae808e6895dc5e5747633628",
                "reference": "81ee3eb8e6c26295ae808e6895dc5e5747633628",
                "shasum": ""
            },
            "require": {
                "php": ">=5.4.0"
            },
            "require-dev": {
                "phpunit/phpunit": "4.0.17"
            },
            "type": "library",
            "autoload": {
                "psr-4": {
                    "LightnCandy\\": "src"
                }
            },
            "notification-url": "https://packagist.org/downloads/",
            "license": [
                "MIT"
            ],
            "authors": [
                {
                    "name": "Zordius Chen",
                    "email": "zordius@yahoo-inc.com"
                }
            ],
            "description": "An extremely fast PHP implementation of handlebars ( http://handlebarsjs.com/ ) and mustache ( http://mustache.github.io/ ).",
            "homepage": "https://github.com/zordius/lightncandy",
            "keywords": [
                "handlebars",
                "logicless",
                "mustache",
                "php",
                "template"
            ],
            "time": "2016-07-18T06:51:41+00:00"
        }
    ],
    "packages-dev": [],
    "aliases": [],
    "minimum-stability": "stable",
    "stability-flags": {
        "rlanvin/php-form": 20,
        "zordius/lightncandy": 20
    },
    "prefer-stable": false,
    "prefer-lowest": false,
    "platform": [],
    "platform-dev": [],
    "plugin-api-version": "2.1.0"
}
